// !$*UTF8*$!
{
	archiveVersion = 1;
	classes = {
	};
	objectVersion = 56;
	objects = {

/* Begin PBXBuildFile section */
		BA02411D2AD17D2300B83FAF /* CaptureResultViewController.swift in Sources */ = {isa = PBXBuildFile; fileRef = BA02411C2AD17D2300B83FAF /* CaptureResultViewController.swift */; };
		BA05E96C2A94ADDD00D31A7A /* AppDelegate.swift in Sources */ = {isa = PBXBuildFile; fileRef = BA05E96B2A94ADDD00D31A7A /* AppDelegate.swift */; };
		BA05E96E2A94ADDD00D31A7A /* SceneDelegate.swift in Sources */ = {isa = PBXBuildFile; fileRef = BA05E96D2A94ADDD00D31A7A /* SceneDelegate.swift */; };
		BA05E9702A94ADDD00D31A7A /* MainTabBarViewController.swift in Sources */ = {isa = PBXBuildFile; fileRef = BA05E96F2A94ADDD00D31A7A /* MainTabBarViewController.swift */; };
		BA05E9752A94ADDF00D31A7A /* Assets.xcassets in Resources */ = {isa = PBXBuildFile; fileRef = BA05E9742A94ADDF00D31A7A /* Assets.xcassets */; };
		BA05E9782A94ADDF00D31A7A /* LaunchScreen.storyboard in Resources */ = {isa = PBXBuildFile; fileRef = BA05E9762A94ADDF00D31A7A /* LaunchScreen.storyboard */; };
		BA05E9842A94AEEC00D31A7A /* CameraViewController.swift in Sources */ = {isa = PBXBuildFile; fileRef = BA05E9832A94AEEC00D31A7A /* CameraViewController.swift */; };
		BA05E9862A94AEF300D31A7A /* HistoryViewController.swift in Sources */ = {isa = PBXBuildFile; fileRef = BA05E9852A94AEF300D31A7A /* HistoryViewController.swift */; };
		BA05E9882A94AEFA00D31A7A /* SettingsViewController.swift in Sources */ = {isa = PBXBuildFile; fileRef = BA05E9872A94AEFA00D31A7A /* SettingsViewController.swift */; };
		BA05E98A2A97800000D31A7A /* SettingElementViewModel.swift in Sources */ = {isa = PBXBuildFile; fileRef = BA05E9892A97800000D31A7A /* SettingElementViewModel.swift */; };
		BA2810BD2AC4664500CEA4F3 /* Bank.swift in Sources */ = {isa = PBXBuildFile; fileRef = BA2810BC2AC4664500CEA4F3 /* Bank.swift */; };
		BA2810BF2AC4667C00CEA4F3 /* Constants.swift in Sources */ = {isa = PBXBuildFile; fileRef = BA2810BE2AC4667C00CEA4F3 /* Constants.swift */; };
		BA2810C12AC466A400CEA4F3 /* AccountExtractor.swift in Sources */ = {isa = PBXBuildFile; fileRef = BA2810C02AC466A400CEA4F3 /* AccountExtractor.swift */; };
		BA2810C32AC46BFB00CEA4F3 /* SettingManager.swift in Sources */ = {isa = PBXBuildFile; fileRef = BA2810C22AC46BFB00CEA4F3 /* SettingManager.swift */; };
		BA30A3DA2AD288F2008CF947 /* TextRecognizer.swift in Sources */ = {isa = PBXBuildFile; fileRef = BA30A3D92AD288F2008CF947 /* TextRecognizer.swift */; };
		BA30A3DC2AD2A768008CF947 /* image.jpeg in Resources */ = {isa = PBXBuildFile; fileRef = BA30A3DB2AD2A768008CF947 /* image.jpeg */; };
		BA57AB9C2A9E0DB40000961A /* HistorySearchResultsViewController.swift in Sources */ = {isa = PBXBuildFile; fileRef = BA57AB9B2A9E0DB40000961A /* HistorySearchResultsViewController.swift */; };
		BA57AB9E2A9E13C60000961A /* HistoryTableViewCell.swift in Sources */ = {isa = PBXBuildFile; fileRef = BA57AB9D2A9E13C60000961A /* HistoryTableViewCell.swift */; };
		BA603DAD2A9A2B6F00A63E8E /* SettingSection.swift in Sources */ = {isa = PBXBuildFile; fileRef = BA603DAC2A9A2B6F00A63E8E /* SettingSection.swift */; };
		BA8187C12AB5A499005C4605 /* HistoryDetailsType.swift in Sources */ = {isa = PBXBuildFile; fileRef = BA8187C02AB5A499005C4605 /* HistoryDetailsType.swift */; };
		BAD9401A2ACA3FAF0073466C /* CameraStatus.swift in Sources */ = {isa = PBXBuildFile; fileRef = BAD940192ACA3FAF0073466C /* CameraStatus.swift */; };
		BAF2BFE82AB9AA59000605EB /* Observable.swift in Sources */ = {isa = PBXBuildFile; fileRef = BAF2BFE72AB9AA59000605EB /* Observable.swift */; };
		BAF2BFEA2AB9AB4E000605EB /* HistoryTableViewCellViewModel.swift in Sources */ = {isa = PBXBuildFile; fileRef = BAF2BFE92AB9AB4E000605EB /* HistoryTableViewCellViewModel.swift */; };
		E501059F2AB283B200151AF9 /* HistoryDetailsFormView.swift in Sources */ = {isa = PBXBuildFile; fileRef = E501059E2AB283B200151AF9 /* HistoryDetailsFormView.swift */; };
		E50105A12AB28AB700151AF9 /* HistoryDetailsFormViewViewModel.swift in Sources */ = {isa = PBXBuildFile; fileRef = E50105A02AB28AB700151AF9 /* HistoryDetailsFormViewViewModel.swift */; };
		E52031032AA703E2007540AB /* HistoryDetailsViewController.swift in Sources */ = {isa = PBXBuildFile; fileRef = E52031022AA703E2007540AB /* HistoryDetailsViewController.swift */; };
		E58823D32A95DE7400143953 /* Settings.swift in Sources */ = {isa = PBXBuildFile; fileRef = E58823D22A95DE7400143953 /* Settings.swift */; };
		E5950BA92A9C38E20022F289 /* UserDefaultsManager.swift in Sources */ = {isa = PBXBuildFile; fileRef = E5950BA82A9C38E20022F289 /* UserDefaultsManager.swift */; };
		E5B3AF692A972FE400A4E6E7 /* SettingsHeaderView.swift in Sources */ = {isa = PBXBuildFile; fileRef = E5B3AF682A972FE400A4E6E7 /* SettingsHeaderView.swift */; };
		E5B3AF6C2A9738CD00A4E6E7 /* SettingTableViewCellViewModel.swift in Sources */ = {isa = PBXBuildFile; fileRef = E5B3AF6B2A9738CD00A4E6E7 /* SettingTableViewCellViewModel.swift */; };
		E5B3AF6E2A97398900A4E6E7 /* SettingsTableViewCell.swift in Sources */ = {isa = PBXBuildFile; fileRef = E5B3AF6D2A97398900A4E6E7 /* SettingsTableViewCell.swift */; };
		E5BA17342AA07C1D00A43205 /* History.swift in Sources */ = {isa = PBXBuildFile; fileRef = E5BA17332AA07C1D00A43205 /* History.swift */; };
		E5BA17362AA07CD600A43205 /* HistorySearchResultsTableViewCellViewModel.swift in Sources */ = {isa = PBXBuildFile; fileRef = E5BA17352AA07CD600A43205 /* HistorySearchResultsTableViewCellViewModel.swift */; };
		E5BA17392AA07D9500A43205 /* Extensions.swift in Sources */ = {isa = PBXBuildFile; fileRef = E5BA17382AA07D9500A43205 /* Extensions.swift */; };
		E5C1998F2AA9660500993507 /* HistoryDetailsEditViewController.swift in Sources */ = {isa = PBXBuildFile; fileRef = E5C1998E2AA9660500993507 /* HistoryDetailsEditViewController.swift */; };
		E5C82E672AB0311400465142 /* HistoryDetails.swift in Sources */ = {isa = PBXBuildFile; fileRef = E5C82E662AB0311400465142 /* HistoryDetails.swift */; };
		E5C910242A9DD15B000AC5CA /* CameraAppCoreData.xcdatamodeld in Sources */ = {isa = PBXBuildFile; fileRef = E5C910222A9DD15B000AC5CA /* CameraAppCoreData.xcdatamodeld */; };
		E5C910272A9DD2F5000AC5CA /* HistoryMO+CoreDataClass.swift in Sources */ = {isa = PBXBuildFile; fileRef = E5C910252A9DD2F5000AC5CA /* HistoryMO+CoreDataClass.swift */; };
		E5C910282A9DD2F5000AC5CA /* HistoryMO+CoreDataProperties.swift in Sources */ = {isa = PBXBuildFile; fileRef = E5C910262A9DD2F5000AC5CA /* HistoryMO+CoreDataProperties.swift */; };
		E5C9102A2A9DD433000AC5CA /* HistoryManager.swift in Sources */ = {isa = PBXBuildFile; fileRef = E5C910292A9DD433000AC5CA /* HistoryManager.swift */; };
		E5ED45D12AA84526002A1F22 /* HistoryDetailsTableViewCell.swift in Sources */ = {isa = PBXBuildFile; fileRef = E5ED45D02AA84526002A1F22 /* HistoryDetailsTableViewCell.swift */; };
		E5ED45D32AA84577002A1F22 /* HistoryDetailsTableViewCellViewModel.swift in Sources */ = {isa = PBXBuildFile; fileRef = E5ED45D22AA84577002A1F22 /* HistoryDetailsTableViewCellViewModel.swift */; };
		E5ED45D72AA866AE002A1F22 /* HistoryDetailsHeaderViewViewModel.swift in Sources */ = {isa = PBXBuildFile; fileRef = E5ED45D62AA866AE002A1F22 /* HistoryDetailsHeaderViewViewModel.swift */; };
/* End PBXBuildFile section */

/* Begin PBXFileReference section */
		BA02411C2AD17D2300B83FAF /* CaptureResultViewController.swift */ = {isa = PBXFileReference; lastKnownFileType = sourcecode.swift; path = CaptureResultViewController.swift; sourceTree = "<group>"; };
		BA05E9682A94ADDD00D31A7A /* AccountNumberReader.app */ = {isa = PBXFileReference; explicitFileType = wrapper.application; includeInIndex = 0; path = AccountNumberReader.app; sourceTree = BUILT_PRODUCTS_DIR; };
		BA05E96B2A94ADDD00D31A7A /* AppDelegate.swift */ = {isa = PBXFileReference; lastKnownFileType = sourcecode.swift; path = AppDelegate.swift; sourceTree = "<group>"; };
		BA05E96D2A94ADDD00D31A7A /* SceneDelegate.swift */ = {isa = PBXFileReference; lastKnownFileType = sourcecode.swift; path = SceneDelegate.swift; sourceTree = "<group>"; };
		BA05E96F2A94ADDD00D31A7A /* MainTabBarViewController.swift */ = {isa = PBXFileReference; lastKnownFileType = sourcecode.swift; path = MainTabBarViewController.swift; sourceTree = "<group>"; };
		BA05E9742A94ADDF00D31A7A /* Assets.xcassets */ = {isa = PBXFileReference; lastKnownFileType = folder.assetcatalog; path = Assets.xcassets; sourceTree = "<group>"; };
		BA05E9772A94ADDF00D31A7A /* Base */ = {isa = PBXFileReference; lastKnownFileType = file.storyboard; name = Base; path = Base.lproj/LaunchScreen.storyboard; sourceTree = "<group>"; };
		BA05E9792A94ADDF00D31A7A /* Info.plist */ = {isa = PBXFileReference; lastKnownFileType = text.plist.xml; path = Info.plist; sourceTree = "<group>"; };
		BA05E9832A94AEEC00D31A7A /* CameraViewController.swift */ = {isa = PBXFileReference; lastKnownFileType = sourcecode.swift; path = CameraViewController.swift; sourceTree = "<group>"; };
		BA05E9852A94AEF300D31A7A /* HistoryViewController.swift */ = {isa = PBXFileReference; lastKnownFileType = sourcecode.swift; path = HistoryViewController.swift; sourceTree = "<group>"; };
		BA05E9872A94AEFA00D31A7A /* SettingsViewController.swift */ = {isa = PBXFileReference; lastKnownFileType = sourcecode.swift; path = SettingsViewController.swift; sourceTree = "<group>"; };
		BA05E9892A97800000D31A7A /* SettingElementViewModel.swift */ = {isa = PBXFileReference; lastKnownFileType = sourcecode.swift; path = SettingElementViewModel.swift; sourceTree = "<group>"; };
		BA2810BC2AC4664500CEA4F3 /* Bank.swift */ = {isa = PBXFileReference; lastKnownFileType = sourcecode.swift; path = Bank.swift; sourceTree = "<group>"; };
		BA2810BE2AC4667C00CEA4F3 /* Constants.swift */ = {isa = PBXFileReference; lastKnownFileType = sourcecode.swift; path = Constants.swift; sourceTree = "<group>"; };
		BA2810C02AC466A400CEA4F3 /* AccountExtractor.swift */ = {isa = PBXFileReference; lastKnownFileType = sourcecode.swift; path = AccountExtractor.swift; sourceTree = "<group>"; };
		BA2810C22AC46BFB00CEA4F3 /* SettingManager.swift */ = {isa = PBXFileReference; lastKnownFileType = sourcecode.swift; path = SettingManager.swift; sourceTree = "<group>"; };
		BA30A3D92AD288F2008CF947 /* TextRecognizer.swift */ = {isa = PBXFileReference; lastKnownFileType = sourcecode.swift; path = TextRecognizer.swift; sourceTree = "<group>"; };
		BA30A3DB2AD2A768008CF947 /* image.jpeg */ = {isa = PBXFileReference; lastKnownFileType = image.jpeg; path = image.jpeg; sourceTree = "<group>"; };
		BA57AB9B2A9E0DB40000961A /* HistorySearchResultsViewController.swift */ = {isa = PBXFileReference; lastKnownFileType = sourcecode.swift; path = HistorySearchResultsViewController.swift; sourceTree = "<group>"; };
		BA57AB9D2A9E13C60000961A /* HistoryTableViewCell.swift */ = {isa = PBXFileReference; lastKnownFileType = sourcecode.swift; path = HistoryTableViewCell.swift; sourceTree = "<group>"; };
		BA603DAC2A9A2B6F00A63E8E /* SettingSection.swift */ = {isa = PBXFileReference; lastKnownFileType = sourcecode.swift; path = SettingSection.swift; sourceTree = "<group>"; };
		BA8187C02AB5A499005C4605 /* HistoryDetailsType.swift */ = {isa = PBXFileReference; lastKnownFileType = sourcecode.swift; path = HistoryDetailsType.swift; sourceTree = "<group>"; };
		BAD940192ACA3FAF0073466C /* CameraStatus.swift */ = {isa = PBXFileReference; lastKnownFileType = sourcecode.swift; path = CameraStatus.swift; sourceTree = "<group>"; };
		BAF2BFE72AB9AA59000605EB /* Observable.swift */ = {isa = PBXFileReference; lastKnownFileType = sourcecode.swift; path = Observable.swift; sourceTree = "<group>"; };
		BAF2BFE92AB9AB4E000605EB /* HistoryTableViewCellViewModel.swift */ = {isa = PBXFileReference; lastKnownFileType = sourcecode.swift; path = HistoryTableViewCellViewModel.swift; sourceTree = "<group>"; };
		E501059E2AB283B200151AF9 /* HistoryDetailsFormView.swift */ = {isa = PBXFileReference; lastKnownFileType = sourcecode.swift; path = HistoryDetailsFormView.swift; sourceTree = "<group>"; };
		E50105A02AB28AB700151AF9 /* HistoryDetailsFormViewViewModel.swift */ = {isa = PBXFileReference; lastKnownFileType = sourcecode.swift; path = HistoryDetailsFormViewViewModel.swift; sourceTree = "<group>"; };
		E52031022AA703E2007540AB /* HistoryDetailsViewController.swift */ = {isa = PBXFileReference; lastKnownFileType = sourcecode.swift; path = HistoryDetailsViewController.swift; sourceTree = "<group>"; };
		E58823D22A95DE7400143953 /* Settings.swift */ = {isa = PBXFileReference; lastKnownFileType = sourcecode.swift; path = Settings.swift; sourceTree = "<group>"; };
		E5950BA82A9C38E20022F289 /* UserDefaultsManager.swift */ = {isa = PBXFileReference; lastKnownFileType = sourcecode.swift; path = UserDefaultsManager.swift; sourceTree = "<group>"; };
		E5B3AF682A972FE400A4E6E7 /* SettingsHeaderView.swift */ = {isa = PBXFileReference; lastKnownFileType = sourcecode.swift; path = SettingsHeaderView.swift; sourceTree = "<group>"; };
		E5B3AF6B2A9738CD00A4E6E7 /* SettingTableViewCellViewModel.swift */ = {isa = PBXFileReference; lastKnownFileType = sourcecode.swift; path = SettingTableViewCellViewModel.swift; sourceTree = "<group>"; };
		E5B3AF6D2A97398900A4E6E7 /* SettingsTableViewCell.swift */ = {isa = PBXFileReference; lastKnownFileType = sourcecode.swift; path = SettingsTableViewCell.swift; sourceTree = "<group>"; };
		E5BA17332AA07C1D00A43205 /* History.swift */ = {isa = PBXFileReference; lastKnownFileType = sourcecode.swift; path = History.swift; sourceTree = "<group>"; };
		E5BA17352AA07CD600A43205 /* HistorySearchResultsTableViewCellViewModel.swift */ = {isa = PBXFileReference; lastKnownFileType = sourcecode.swift; path = HistorySearchResultsTableViewCellViewModel.swift; sourceTree = "<group>"; };
		E5BA17382AA07D9500A43205 /* Extensions.swift */ = {isa = PBXFileReference; lastKnownFileType = sourcecode.swift; path = Extensions.swift; sourceTree = "<group>"; };
		E5C1998E2AA9660500993507 /* HistoryDetailsEditViewController.swift */ = {isa = PBXFileReference; lastKnownFileType = sourcecode.swift; path = HistoryDetailsEditViewController.swift; sourceTree = "<group>"; };
		E5C82E662AB0311400465142 /* HistoryDetails.swift */ = {isa = PBXFileReference; lastKnownFileType = sourcecode.swift; path = HistoryDetails.swift; sourceTree = "<group>"; };
		E5C910232A9DD15B000AC5CA /* CameraAppCoreData.xcdatamodel */ = {isa = PBXFileReference; lastKnownFileType = wrapper.xcdatamodel; path = CameraAppCoreData.xcdatamodel; sourceTree = "<group>"; };
		E5C910252A9DD2F5000AC5CA /* HistoryMO+CoreDataClass.swift */ = {isa = PBXFileReference; lastKnownFileType = sourcecode.swift; path = "HistoryMO+CoreDataClass.swift"; sourceTree = "<group>"; };
		E5C910262A9DD2F5000AC5CA /* HistoryMO+CoreDataProperties.swift */ = {isa = PBXFileReference; lastKnownFileType = sourcecode.swift; path = "HistoryMO+CoreDataProperties.swift"; sourceTree = "<group>"; };
		E5C910292A9DD433000AC5CA /* HistoryManager.swift */ = {isa = PBXFileReference; lastKnownFileType = sourcecode.swift; path = HistoryManager.swift; sourceTree = "<group>"; };
		E5ED45D02AA84526002A1F22 /* HistoryDetailsTableViewCell.swift */ = {isa = PBXFileReference; lastKnownFileType = sourcecode.swift; path = HistoryDetailsTableViewCell.swift; sourceTree = "<group>"; };
		E5ED45D22AA84577002A1F22 /* HistoryDetailsTableViewCellViewModel.swift */ = {isa = PBXFileReference; lastKnownFileType = sourcecode.swift; path = HistoryDetailsTableViewCellViewModel.swift; sourceTree = "<group>"; };
		E5ED45D62AA866AE002A1F22 /* HistoryDetailsHeaderViewViewModel.swift */ = {isa = PBXFileReference; lastKnownFileType = sourcecode.swift; path = HistoryDetailsHeaderViewViewModel.swift; sourceTree = "<group>"; };
/* End PBXFileReference section */

/* Begin PBXFrameworksBuildPhase section */
		BA05E9652A94ADDD00D31A7A /* Frameworks */ = {
			isa = PBXFrameworksBuildPhase;
			buildActionMask = 2147483647;
			files = (
			);
			runOnlyForDeploymentPostprocessing = 0;
		};
/* End PBXFrameworksBuildPhase section */

/* Begin PBXGroup section */
		BA05E95F2A94ADDD00D31A7A = {
			isa = PBXGroup;
			children = (
				BA05E96A2A94ADDD00D31A7A /* AccountNumberReader */,
				BA05E9692A94ADDD00D31A7A /* Products */,
			);
			sourceTree = "<group>";
		};
		BA05E9692A94ADDD00D31A7A /* Products */ = {
			isa = PBXGroup;
			children = (
				BA05E9682A94ADDD00D31A7A /* AccountNumberReader.app */,
			);
			name = Products;
			sourceTree = "<group>";
		};
		BA05E96A2A94ADDD00D31A7A /* AccountNumberReader */ = {
			isa = PBXGroup;
			children = (
				E5BA17372AA07D8900A43205 /* Global */,
				E5B3AF6A2A9738B900A4E6E7 /* ViewModels */,
				E58823D12A95DE6300143953 /* Models */,
				BA05E9792A94ADDF00D31A7A /* Info.plist */,
				BA05E9822A94AEAF00D31A7A /* Views */,
				BA05E9812A94AEAA00D31A7A /* Resources */,
				BA05E9802A94AEA700D31A7A /* Controllers */,
			);
			path = AccountNumberReader;
			sourceTree = "<group>";
		};
		BA05E9802A94AEA700D31A7A /* Controllers */ = {
			isa = PBXGroup;
			children = (
				BA05E96F2A94ADDD00D31A7A /* MainTabBarViewController.swift */,
				BA05E9832A94AEEC00D31A7A /* CameraViewController.swift */,
				BA05E9852A94AEF300D31A7A /* HistoryViewController.swift */,
				BA05E9872A94AEFA00D31A7A /* SettingsViewController.swift */,
				BA57AB9B2A9E0DB40000961A /* HistorySearchResultsViewController.swift */,
				E52031022AA703E2007540AB /* HistoryDetailsViewController.swift */,
				E5C1998E2AA9660500993507 /* HistoryDetailsEditViewController.swift */,
				BA02411C2AD17D2300B83FAF /* CaptureResultViewController.swift */,
			);
			path = Controllers;
			sourceTree = "<group>";
		};
		BA05E9812A94AEAA00D31A7A /* Resources */ = {
			isa = PBXGroup;
			children = (
				BA30A3DB2AD2A768008CF947 /* image.jpeg */,
				BA05E9742A94ADDF00D31A7A /* Assets.xcassets */,
				BA05E96B2A94ADDD00D31A7A /* AppDelegate.swift */,
				BA05E96D2A94ADDD00D31A7A /* SceneDelegate.swift */,
			);
			path = Resources;
			sourceTree = "<group>";
		};
		BA05E9822A94AEAF00D31A7A /* Views */ = {
			isa = PBXGroup;
			children = (
				BA05E9762A94ADDF00D31A7A /* LaunchScreen.storyboard */,
				E5B3AF682A972FE400A4E6E7 /* SettingsHeaderView.swift */,
				E5B3AF6D2A97398900A4E6E7 /* SettingsTableViewCell.swift */,
				BA57AB9D2A9E13C60000961A /* HistoryTableViewCell.swift */,
				E5ED45D02AA84526002A1F22 /* HistoryDetailsTableViewCell.swift */,
				E501059E2AB283B200151AF9 /* HistoryDetailsFormView.swift */,
			);
			path = Views;
			sourceTree = "<group>";
		};
		E58823D12A95DE6300143953 /* Models */ = {
			isa = PBXGroup;
			children = (
				E58823D22A95DE7400143953 /* Settings.swift */,
				BA603DAC2A9A2B6F00A63E8E /* SettingSection.swift */,
				E5950BA82A9C38E20022F289 /* UserDefaultsManager.swift */,
				E5C910222A9DD15B000AC5CA /* CameraAppCoreData.xcdatamodeld */,
				E5C910252A9DD2F5000AC5CA /* HistoryMO+CoreDataClass.swift */,
				E5C910262A9DD2F5000AC5CA /* HistoryMO+CoreDataProperties.swift */,
				E5C910292A9DD433000AC5CA /* HistoryManager.swift */,
				E5BA17332AA07C1D00A43205 /* History.swift */,
				E5C82E662AB0311400465142 /* HistoryDetails.swift */,
				BA8187C02AB5A499005C4605 /* HistoryDetailsType.swift */,
				BA2810BC2AC4664500CEA4F3 /* Bank.swift */,
				BA2810C22AC46BFB00CEA4F3 /* SettingManager.swift */,
				BAD940192ACA3FAF0073466C /* CameraStatus.swift */,
			);
			path = Models;
			sourceTree = "<group>";
		};
		E5B3AF6A2A9738B900A4E6E7 /* ViewModels */ = {
			isa = PBXGroup;
			children = (
				E5B3AF6B2A9738CD00A4E6E7 /* SettingTableViewCellViewModel.swift */,
				BA05E9892A97800000D31A7A /* SettingElementViewModel.swift */,
				E5BA17352AA07CD600A43205 /* HistorySearchResultsTableViewCellViewModel.swift */,
				E5ED45D22AA84577002A1F22 /* HistoryDetailsTableViewCellViewModel.swift */,
				E5ED45D62AA866AE002A1F22 /* HistoryDetailsHeaderViewViewModel.swift */,
				E50105A02AB28AB700151AF9 /* HistoryDetailsFormViewViewModel.swift */,
				BAF2BFE92AB9AB4E000605EB /* HistoryTableViewCellViewModel.swift */,
			);
			path = ViewModels;
			sourceTree = "<group>";
		};
		E5BA17372AA07D8900A43205 /* Global */ = {
			isa = PBXGroup;
			children = (
				E5BA17382AA07D9500A43205 /* Extensions.swift */,
				BAF2BFE72AB9AA59000605EB /* Observable.swift */,
				BA2810BE2AC4667C00CEA4F3 /* Constants.swift */,
				BA2810C02AC466A400CEA4F3 /* AccountExtractor.swift */,
				BA30A3D92AD288F2008CF947 /* TextRecognizer.swift */,
			);
			path = Global;
			sourceTree = "<group>";
		};
/* End PBXGroup section */

/* Begin PBXNativeTarget section */
		BA05E9672A94ADDD00D31A7A /* AccountNumberReader */ = {
			isa = PBXNativeTarget;
			buildConfigurationList = BA05E97C2A94ADDF00D31A7A /* Build configuration list for PBXNativeTarget "AccountNumberReader" */;
			buildPhases = (
				BA05E9642A94ADDD00D31A7A /* Sources */,
				BA05E9652A94ADDD00D31A7A /* Frameworks */,
				BA05E9662A94ADDD00D31A7A /* Resources */,
			);
			buildRules = (
			);
			dependencies = (
			);
			name = AccountNumberReader;
			productName = AccountNumberReader;
			productReference = BA05E9682A94ADDD00D31A7A /* AccountNumberReader.app */;
			productType = "com.apple.product-type.application";
		};
/* End PBXNativeTarget section */

/* Begin PBXProject section */
		BA05E9602A94ADDD00D31A7A /* Project object */ = {
			isa = PBXProject;
			attributes = {
				BuildIndependentTargetsInParallel = 1;
				LastSwiftUpdateCheck = 1500;
				LastUpgradeCheck = 1500;
				TargetAttributes = {
					BA05E9672A94ADDD00D31A7A = {
						CreatedOnToolsVersion = 15.0;
					};
				};
			};
			buildConfigurationList = BA05E9632A94ADDD00D31A7A /* Build configuration list for PBXProject "AccountNumberReader" */;
			compatibilityVersion = "Xcode 14.0";
			developmentRegion = en;
			hasScannedForEncodings = 0;
			knownRegions = (
				en,
				Base,
			);
			mainGroup = BA05E95F2A94ADDD00D31A7A;
			productRefGroup = BA05E9692A94ADDD00D31A7A /* Products */;
			projectDirPath = "";
			projectRoot = "";
			targets = (
				BA05E9672A94ADDD00D31A7A /* AccountNumberReader */,
			);
		};
/* End PBXProject section */

/* Begin PBXResourcesBuildPhase section */
		BA05E9662A94ADDD00D31A7A /* Resources */ = {
			isa = PBXResourcesBuildPhase;
			buildActionMask = 2147483647;
			files = (
				BA30A3DC2AD2A768008CF947 /* image.jpeg in Resources */,
				BA05E9782A94ADDF00D31A7A /* LaunchScreen.storyboard in Resources */,
				BA05E9752A94ADDF00D31A7A /* Assets.xcassets in Resources */,
			);
			runOnlyForDeploymentPostprocessing = 0;
		};
/* End PBXResourcesBuildPhase section */

/* Begin PBXSourcesBuildPhase section */
		BA05E9642A94ADDD00D31A7A /* Sources */ = {
			isa = PBXSourcesBuildPhase;
			buildActionMask = 2147483647;
			files = (
				E5B3AF6C2A9738CD00A4E6E7 /* SettingTableViewCellViewModel.swift in Sources */,
				E52031032AA703E2007540AB /* HistoryDetailsViewController.swift in Sources */,
				E5C1998F2AA9660500993507 /* HistoryDetailsEditViewController.swift in Sources */,
				E5B3AF692A972FE400A4E6E7 /* SettingsHeaderView.swift in Sources */,
				BAF2BFEA2AB9AB4E000605EB /* HistoryTableViewCellViewModel.swift in Sources */,
				BA57AB9C2A9E0DB40000961A /* HistorySearchResultsViewController.swift in Sources */,
				E5BA17392AA07D9500A43205 /* Extensions.swift in Sources */,
				BA603DAD2A9A2B6F00A63E8E /* SettingSection.swift in Sources */,
				E5C910272A9DD2F5000AC5CA /* HistoryMO+CoreDataClass.swift in Sources */,
				BA57AB9E2A9E13C60000961A /* HistoryTableViewCell.swift in Sources */,
				E5950BA92A9C38E20022F289 /* UserDefaultsManager.swift in Sources */,
				BA02411D2AD17D2300B83FAF /* CaptureResultViewController.swift in Sources */,
				BA30A3DA2AD288F2008CF947 /* TextRecognizer.swift in Sources */,
				BA05E9702A94ADDD00D31A7A /* MainTabBarViewController.swift in Sources */,
				E5C82E672AB0311400465142 /* HistoryDetails.swift in Sources */,
				BA8187C12AB5A499005C4605 /* HistoryDetailsType.swift in Sources */,
				E5C910242A9DD15B000AC5CA /* CameraAppCoreData.xcdatamodeld in Sources */,
				BA2810BD2AC4664500CEA4F3 /* Bank.swift in Sources */,
				BAD9401A2ACA3FAF0073466C /* CameraStatus.swift in Sources */,
				BA05E9842A94AEEC00D31A7A /* CameraViewController.swift in Sources */,
				BA05E96C2A94ADDD00D31A7A /* AppDelegate.swift in Sources */,
				E50105A12AB28AB700151AF9 /* HistoryDetailsFormViewViewModel.swift in Sources */,
				E5ED45D12AA84526002A1F22 /* HistoryDetailsTableViewCell.swift in Sources */,
				BA2810C32AC46BFB00CEA4F3 /* SettingManager.swift in Sources */,
				E5ED45D32AA84577002A1F22 /* HistoryDetailsTableViewCellViewModel.swift in Sources */,
				BA05E9862A94AEF300D31A7A /* HistoryViewController.swift in Sources */,
				E5BA17362AA07CD600A43205 /* HistorySearchResultsTableViewCellViewModel.swift in Sources */,
				BAF2BFE82AB9AA59000605EB /* Observable.swift in Sources */,
				E58823D32A95DE7400143953 /* Settings.swift in Sources */,
				BA2810BF2AC4667C00CEA4F3 /* Constants.swift in Sources */,
				BA2810C12AC466A400CEA4F3 /* AccountExtractor.swift in Sources */,
				BA05E96E2A94ADDD00D31A7A /* SceneDelegate.swift in Sources */,
				E5BA17342AA07C1D00A43205 /* History.swift in Sources */,
				E5ED45D72AA866AE002A1F22 /* HistoryDetailsHeaderViewViewModel.swift in Sources */,
				E501059F2AB283B200151AF9 /* HistoryDetailsFormView.swift in Sources */,
				BA05E98A2A97800000D31A7A /* SettingElementViewModel.swift in Sources */,
				E5C9102A2A9DD433000AC5CA /* HistoryManager.swift in Sources */,
				E5B3AF6E2A97398900A4E6E7 /* SettingsTableViewCell.swift in Sources */,
				E5C910282A9DD2F5000AC5CA /* HistoryMO+CoreDataProperties.swift in Sources */,
				BA05E9882A94AEFA00D31A7A /* SettingsViewController.swift in Sources */,
			);
			runOnlyForDeploymentPostprocessing = 0;
		};
/* End PBXSourcesBuildPhase section */

/* Begin PBXVariantGroup section */
		BA05E9762A94ADDF00D31A7A /* LaunchScreen.storyboard */ = {
			isa = PBXVariantGroup;
			children = (
				BA05E9772A94ADDF00D31A7A /* Base */,
			);
			name = LaunchScreen.storyboard;
			sourceTree = "<group>";
		};
/* End PBXVariantGroup section */

/* Begin XCBuildConfiguration section */
		BA05E97A2A94ADDF00D31A7A /* Debug */ = {
			isa = XCBuildConfiguration;
			buildSettings = {
				ALWAYS_SEARCH_USER_PATHS = NO;
				ASSETCATALOG_COMPILER_GENERATE_SWIFT_ASSET_SYMBOL_EXTENSIONS = YES;
				CLANG_ANALYZER_NONNULL = YES;
				CLANG_ANALYZER_NUMBER_OBJECT_CONVERSION = YES_AGGRESSIVE;
				CLANG_CXX_LANGUAGE_STANDARD = "gnu++20";
				CLANG_ENABLE_MODULES = YES;
				CLANG_ENABLE_OBJC_ARC = YES;
				CLANG_ENABLE_OBJC_WEAK = YES;
				CLANG_WARN_BLOCK_CAPTURE_AUTORELEASING = YES;
				CLANG_WARN_BOOL_CONVERSION = YES;
				CLANG_WARN_COMMA = YES;
				CLANG_WARN_CONSTANT_CONVERSION = YES;
				CLANG_WARN_DEPRECATED_OBJC_IMPLEMENTATIONS = YES;
				CLANG_WARN_DIRECT_OBJC_ISA_USAGE = YES_ERROR;
				CLANG_WARN_DOCUMENTATION_COMMENTS = YES;
				CLANG_WARN_EMPTY_BODY = YES;
				CLANG_WARN_ENUM_CONVERSION = YES;
				CLANG_WARN_INFINITE_RECURSION = YES;
				CLANG_WARN_INT_CONVERSION = YES;
				CLANG_WARN_NON_LITERAL_NULL_CONVERSION = YES;
				CLANG_WARN_OBJC_IMPLICIT_RETAIN_SELF = YES;
				CLANG_WARN_OBJC_LITERAL_CONVERSION = YES;
				CLANG_WARN_OBJC_ROOT_CLASS = YES_ERROR;
				CLANG_WARN_QUOTED_INCLUDE_IN_FRAMEWORK_HEADER = YES;
				CLANG_WARN_RANGE_LOOP_ANALYSIS = YES;
				CLANG_WARN_STRICT_PROTOTYPES = YES;
				CLANG_WARN_SUSPICIOUS_MOVE = YES;
				CLANG_WARN_UNGUARDED_AVAILABILITY = YES_AGGRESSIVE;
				CLANG_WARN_UNREACHABLE_CODE = YES;
				CLANG_WARN__DUPLICATE_METHOD_MATCH = YES;
				COPY_PHASE_STRIP = NO;
				DEBUG_INFORMATION_FORMAT = dwarf;
				ENABLE_STRICT_OBJC_MSGSEND = YES;
				ENABLE_TESTABILITY = YES;
				ENABLE_USER_SCRIPT_SANDBOXING = YES;
				GCC_C_LANGUAGE_STANDARD = gnu17;
				GCC_DYNAMIC_NO_PIC = NO;
				GCC_NO_COMMON_BLOCKS = YES;
				GCC_OPTIMIZATION_LEVEL = 0;
				GCC_PREPROCESSOR_DEFINITIONS = (
					"DEBUG=1",
					"$(inherited)",
				);
				GCC_WARN_64_TO_32_BIT_CONVERSION = YES;
				GCC_WARN_ABOUT_RETURN_TYPE = YES_ERROR;
				GCC_WARN_UNDECLARED_SELECTOR = YES;
				GCC_WARN_UNINITIALIZED_AUTOS = YES_AGGRESSIVE;
				GCC_WARN_UNUSED_FUNCTION = YES;
				GCC_WARN_UNUSED_VARIABLE = YES;
				IPHONEOS_DEPLOYMENT_TARGET = 17.0;
				LOCALIZATION_PREFERS_STRING_CATALOGS = YES;
				MTL_ENABLE_DEBUG_INFO = INCLUDE_SOURCE;
				MTL_FAST_MATH = YES;
				ONLY_ACTIVE_ARCH = YES;
				SDKROOT = iphoneos;
				SWIFT_ACTIVE_COMPILATION_CONDITIONS = "DEBUG $(inherited)";
				SWIFT_OPTIMIZATION_LEVEL = "-Onone";
			};
			name = Debug;
		};
		BA05E97B2A94ADDF00D31A7A /* Release */ = {
			isa = XCBuildConfiguration;
			buildSettings = {
				ALWAYS_SEARCH_USER_PATHS = NO;
				ASSETCATALOG_COMPILER_GENERATE_SWIFT_ASSET_SYMBOL_EXTENSIONS = YES;
				CLANG_ANALYZER_NONNULL = YES;
				CLANG_ANALYZER_NUMBER_OBJECT_CONVERSION = YES_AGGRESSIVE;
				CLANG_CXX_LANGUAGE_STANDARD = "gnu++20";
				CLANG_ENABLE_MODULES = YES;
				CLANG_ENABLE_OBJC_ARC = YES;
				CLANG_ENABLE_OBJC_WEAK = YES;
				CLANG_WARN_BLOCK_CAPTURE_AUTORELEASING = YES;
				CLANG_WARN_BOOL_CONVERSION = YES;
				CLANG_WARN_COMMA = YES;
				CLANG_WARN_CONSTANT_CONVERSION = YES;
				CLANG_WARN_DEPRECATED_OBJC_IMPLEMENTATIONS = YES;
				CLANG_WARN_DIRECT_OBJC_ISA_USAGE = YES_ERROR;
				CLANG_WARN_DOCUMENTATION_COMMENTS = YES;
				CLANG_WARN_EMPTY_BODY = YES;
				CLANG_WARN_ENUM_CONVERSION = YES;
				CLANG_WARN_INFINITE_RECURSION = YES;
				CLANG_WARN_INT_CONVERSION = YES;
				CLANG_WARN_NON_LITERAL_NULL_CONVERSION = YES;
				CLANG_WARN_OBJC_IMPLICIT_RETAIN_SELF = YES;
				CLANG_WARN_OBJC_LITERAL_CONVERSION = YES;
				CLANG_WARN_OBJC_ROOT_CLASS = YES_ERROR;
				CLANG_WARN_QUOTED_INCLUDE_IN_FRAMEWORK_HEADER = YES;
				CLANG_WARN_RANGE_LOOP_ANALYSIS = YES;
				CLANG_WARN_STRICT_PROTOTYPES = YES;
				CLANG_WARN_SUSPICIOUS_MOVE = YES;
				CLANG_WARN_UNGUARDED_AVAILABILITY = YES_AGGRESSIVE;
				CLANG_WARN_UNREACHABLE_CODE = YES;
				CLANG_WARN__DUPLICATE_METHOD_MATCH = YES;
				COPY_PHASE_STRIP = NO;
				DEBUG_INFORMATION_FORMAT = "dwarf-with-dsym";
				ENABLE_NS_ASSERTIONS = NO;
				ENABLE_STRICT_OBJC_MSGSEND = YES;
				ENABLE_USER_SCRIPT_SANDBOXING = YES;
				GCC_C_LANGUAGE_STANDARD = gnu17;
				GCC_NO_COMMON_BLOCKS = YES;
				GCC_WARN_64_TO_32_BIT_CONVERSION = YES;
				GCC_WARN_ABOUT_RETURN_TYPE = YES_ERROR;
				GCC_WARN_UNDECLARED_SELECTOR = YES;
				GCC_WARN_UNINITIALIZED_AUTOS = YES_AGGRESSIVE;
				GCC_WARN_UNUSED_FUNCTION = YES;
				GCC_WARN_UNUSED_VARIABLE = YES;
				IPHONEOS_DEPLOYMENT_TARGET = 17.0;
				LOCALIZATION_PREFERS_STRING_CATALOGS = YES;
				MTL_ENABLE_DEBUG_INFO = NO;
				MTL_FAST_MATH = YES;
				SDKROOT = iphoneos;
				SWIFT_COMPILATION_MODE = wholemodule;
				VALIDATE_PRODUCT = YES;
			};
			name = Release;
		};
		BA05E97D2A94ADDF00D31A7A /* Debug */ = {
			isa = XCBuildConfiguration;
			buildSettings = {
				ASSETCATALOG_COMPILER_APPICON_NAME = AppIcon;
				ASSETCATALOG_COMPILER_GLOBAL_ACCENT_COLOR_NAME = AccentColor;
				CODE_SIGN_STYLE = Automatic;
				CURRENT_PROJECT_VERSION = 1;
				DEVELOPMENT_TEAM = ARSZYU7AJ8;
				GENERATE_INFOPLIST_FILE = YES;
				INFOPLIST_FILE = AccountNumberReader/Info.plist;
				INFOPLIST_KEY_UIApplicationSupportsIndirectInputEvents = YES;
				INFOPLIST_KEY_UILaunchStoryboardName = LaunchScreen;
				INFOPLIST_KEY_UISupportedInterfaceOrientations = UIInterfaceOrientationPortrait;
				INFOPLIST_KEY_UISupportedInterfaceOrientations_iPad = "UIInterfaceOrientationLandscapeLeft UIInterfaceOrientationLandscapeRight UIInterfaceOrientationPortrait UIInterfaceOrientationPortraitUpsideDown";
				IPHONEOS_DEPLOYMENT_TARGET = 15.0;
				LD_RUNPATH_SEARCH_PATHS = (
					"$(inherited)",
					"@executable_path/Frameworks",
				);
				MARKETING_VERSION = 1.0;
				PRODUCT_BUNDLE_IDENTIFIER = com.peppermint100.AccountNumberReader;
				PRODUCT_NAME = "$(TARGET_NAME)";
				SUPPORTED_PLATFORMS = "iphoneos iphonesimulator";
				SUPPORTS_MACCATALYST = NO;
				SUPPORTS_MAC_DESIGNED_FOR_IPHONE_IPAD = NO;
				SUPPORTS_XR_DESIGNED_FOR_IPHONE_IPAD = NO;
				SWIFT_EMIT_LOC_STRINGS = YES;
				SWIFT_VERSION = 5.0;
				TARGETED_DEVICE_FAMILY = 1;
			};
			name = Debug;
		};
		BA05E97E2A94ADDF00D31A7A /* Release */ = {
			isa = XCBuildConfiguration;
			buildSettings = {
				ASSETCATALOG_COMPILER_APPICON_NAME = AppIcon;
				ASSETCATALOG_COMPILER_GLOBAL_ACCENT_COLOR_NAME = AccentColor;
				CODE_SIGN_STYLE = Automatic;
				CURRENT_PROJECT_VERSION = 1;
				DEVELOPMENT_TEAM = ARSZYU7AJ8;
				GENERATE_INFOPLIST_FILE = YES;
				INFOPLIST_FILE = AccountNumberReader/Info.plist;
				INFOPLIST_KEY_UIApplicationSupportsIndirectInputEvents = YES;
				INFOPLIST_KEY_UILaunchStoryboardName = LaunchScreen;
				INFOPLIST_KEY_UISupportedInterfaceOrientations = UIInterfaceOrientationPortrait;
				INFOPLIST_KEY_UISupportedInterfaceOrientations_iPad = "UIInterfaceOrientationLandscapeLeft UIInterfaceOrientationLandscapeRight UIInterfaceOrientationPortrait UIInterfaceOrientationPortraitUpsideDown";
				IPHONEOS_DEPLOYMENT_TARGET = 15.0;
				LD_RUNPATH_SEARCH_PATHS = (
					"$(inherited)",
					"@executable_path/Frameworks",
				);
				MARKETING_VERSION = 1.0;
				PRODUCT_BUNDLE_IDENTIFIER = com.peppermint100.AccountNumberReader;
				PRODUCT_NAME = "$(TARGET_NAME)";
				SUPPORTED_PLATFORMS = "iphoneos iphonesimulator";
				SUPPORTS_MACCATALYST = NO;
				SUPPORTS_MAC_DESIGNED_FOR_IPHONE_IPAD = NO;
				SUPPORTS_XR_DESIGNED_FOR_IPHONE_IPAD = NO;
				SWIFT_EMIT_LOC_STRINGS = YES;
				SWIFT_VERSION = 5.0;
				TARGETED_DEVICE_FAMILY = 1;
			};
			name = Release;
		};
/* End XCBuildConfiguration section */

/* Begin XCConfigurationList section */
		BA05E9632A94ADDD00D31A7A /* Build configuration list for PBXProject "AccountNumberReader" */ = {
			isa = XCConfigurationList;
			buildConfigurations = (
				BA05E97A2A94ADDF00D31A7A /* Debug */,
				BA05E97B2A94ADDF00D31A7A /* Release */,
			);
			defaultConfigurationIsVisible = 0;
			defaultConfigurationName = Release;
		};
		BA05E97C2A94ADDF00D31A7A /* Build configuration list for PBXNativeTarget "AccountNumberReader" */ = {
			isa = XCConfigurationList;
			buildConfigurations = (
				BA05E97D2A94ADDF00D31A7A /* Debug */,
				BA05E97E2A94ADDF00D31A7A /* Release */,
			);
			defaultConfigurationIsVisible = 0;
			defaultConfigurationName = Release;
		};
/* End XCConfigurationList section */

/* Begin XCVersionGroup section */
		E5C910222A9DD15B000AC5CA /* CameraAppCoreData.xcdatamodeld */ = {
			isa = XCVersionGroup;
			children = (
				E5C910232A9DD15B000AC5CA /* CameraAppCoreData.xcdatamodel */,
			);
			currentVersion = E5C910232A9DD15B000AC5CA /* CameraAppCoreData.xcdatamodel */;
			path = CameraAppCoreData.xcdatamodeld;
			sourceTree = "<group>";
			versionGroupType = wrapper.xcdatamodel;
		};
/* End XCVersionGroup section */
	};
	rootObject = BA05E9602A94ADDD00D31A7A /* Project object */;
}
